// !$*UTF8*$!
{
	archiveVersion = 1;
	classes = {
	};
	objectVersion = 56;
	objects = {

/* Begin PBXBuildFile section */
		658F0D11526A1961431D17E9 /* Pods_my_weather.framework in Frameworks */ = {isa = PBXBuildFile; fileRef = B575A73B37B797ECDADDD39A /* Pods_my_weather.framework */; };
		9F830A8B2C78389500037DE0 /* my_weatherApp.swift in Sources */ = {isa = PBXBuildFile; fileRef = 9F830A8A2C78389500037DE0 /* my_weatherApp.swift */; };
		9F830A8D2C78389500037DE0 /* WeatherView.swift in Sources */ = {isa = PBXBuildFile; fileRef = 9F830A8C2C78389500037DE0 /* WeatherView.swift */; };
		9F830A8F2C78389600037DE0 /* Assets.xcassets in Resources */ = {isa = PBXBuildFile; fileRef = 9F830A8E2C78389600037DE0 /* Assets.xcassets */; };
		9F830A922C78389600037DE0 /* Preview Assets.xcassets in Resources */ = {isa = PBXBuildFile; fileRef = 9F830A912C78389600037DE0 /* Preview Assets.xcassets */; };
		9F830A9C2C78389600037DE0 /* my_weatherTests.swift in Sources */ = {isa = PBXBuildFile; fileRef = 9F830A9B2C78389600037DE0 /* my_weatherTests.swift */; };
		9F830AA62C78389600037DE0 /* my_weatherUITests.swift in Sources */ = {isa = PBXBuildFile; fileRef = 9F830AA52C78389600037DE0 /* my_weatherUITests.swift */; };
		9F830AA82C78389600037DE0 /* my_weatherUITestsLaunchTests.swift in Sources */ = {isa = PBXBuildFile; fileRef = 9F830AA72C78389600037DE0 /* my_weatherUITestsLaunchTests.swift */; };
		9FEEC1E32C78596A00C95E02 /* WeatherResponse.swift in Sources */ = {isa = PBXBuildFile; fileRef = 9FEEC1E22C78596A00C95E02 /* WeatherResponse.swift */; };
		9FEEC1E52C7859B800C95E02 /* WeatherService.swift in Sources */ = {isa = PBXBuildFile; fileRef = 9FEEC1E42C7859B800C95E02 /* WeatherService.swift */; };
		9FEEC1E72C7B0E1200C95E02 /* WeatherViewModel.swift in Sources */ = {isa = PBXBuildFile; fileRef = 9FEEC1E62C7B0E1200C95E02 /* WeatherViewModel.swift */; };
		B43C6D99FA4E4032F83B8713 /* Pods_my_weatherTests.framework in Frameworks */ = {isa = PBXBuildFile; fileRef = CE3DA6973D1E8EEDA18AD754 /* Pods_my_weatherTests.framework */; };
		E615422FF5642911DD8146EC /* Pods_my_weather_my_weatherUITests.framework in Frameworks */ = {isa = PBXBuildFile; fileRef = BB937CC1A32228E3ECA52540 /* Pods_my_weather_my_weatherUITests.framework */; };
/* End PBXBuildFile section */

/* Begin PBXContainerItemProxy section */
		9F830A982C78389600037DE0 /* PBXContainerItemProxy */ = {
			isa = PBXContainerItemProxy;
			containerPortal = 9F830A7F2C78389500037DE0 /* Project object */;
			proxyType = 1;
			remoteGlobalIDString = 9F830A862C78389500037DE0;
			remoteInfo = "my-weather";
		};
		9F830AA22C78389600037DE0 /* PBXContainerItemProxy */ = {
			isa = PBXContainerItemProxy;
			containerPortal = 9F830A7F2C78389500037DE0 /* Project object */;
			proxyType = 1;
			remoteGlobalIDString = 9F830A862C78389500037DE0;
			remoteInfo = "my-weather";
		};
/* End PBXContainerItemProxy section */

/* Begin PBXFileReference section */
		04A9D765899747B15C30B3A6 /* Pods-my-weatherTests.debug.xcconfig */ = {isa = PBXFileReference; includeInIndex = 1; lastKnownFileType = text.xcconfig; name = "Pods-my-weatherTests.debug.xcconfig"; path = "Target Support Files/Pods-my-weatherTests/Pods-my-weatherTests.debug.xcconfig"; sourceTree = "<group>"; };
		0E375D05661D135D742401A2 /* Pods-my-weatherTests.release.xcconfig */ = {isa = PBXFileReference; includeInIndex = 1; lastKnownFileType = text.xcconfig; name = "Pods-my-weatherTests.release.xcconfig"; path = "Target Support Files/Pods-my-weatherTests/Pods-my-weatherTests.release.xcconfig"; sourceTree = "<group>"; };
		798D1B66F147C40A013C039F /* Pods-my-weather-my-weatherUITests.debug.xcconfig */ = {isa = PBXFileReference; includeInIndex = 1; lastKnownFileType = text.xcconfig; name = "Pods-my-weather-my-weatherUITests.debug.xcconfig"; path = "Target Support Files/Pods-my-weather-my-weatherUITests/Pods-my-weather-my-weatherUITests.debug.xcconfig"; sourceTree = "<group>"; };
		867BE37107378C5766ABC28E /* Pods-my-weather.release.xcconfig */ = {isa = PBXFileReference; includeInIndex = 1; lastKnownFileType = text.xcconfig; name = "Pods-my-weather.release.xcconfig"; path = "Target Support Files/Pods-my-weather/Pods-my-weather.release.xcconfig"; sourceTree = "<group>"; };
		9F830A872C78389500037DE0 /* my-weather.app */ = {isa = PBXFileReference; explicitFileType = wrapper.application; includeInIndex = 0; path = "my-weather.app"; sourceTree = BUILT_PRODUCTS_DIR; };
		9F830A8A2C78389500037DE0 /* my_weatherApp.swift */ = {isa = PBXFileReference; lastKnownFileType = sourcecode.swift; path = my_weatherApp.swift; sourceTree = "<group>"; };
		9F830A8C2C78389500037DE0 /* WeatherView.swift */ = {isa = PBXFileReference; lastKnownFileType = sourcecode.swift; path = WeatherView.swift; sourceTree = "<group>"; };
		9F830A8E2C78389600037DE0 /* Assets.xcassets */ = {isa = PBXFileReference; lastKnownFileType = folder.assetcatalog; path = Assets.xcassets; sourceTree = "<group>"; };
		9F830A912C78389600037DE0 /* Preview Assets.xcassets */ = {isa = PBXFileReference; lastKnownFileType = folder.assetcatalog; path = "Preview Assets.xcassets"; sourceTree = "<group>"; };
		9F830A972C78389600037DE0 /* my-weatherTests.xctest */ = {isa = PBXFileReference; explicitFileType = wrapper.cfbundle; includeInIndex = 0; path = "my-weatherTests.xctest"; sourceTree = BUILT_PRODUCTS_DIR; };
		9F830A9B2C78389600037DE0 /* my_weatherTests.swift */ = {isa = PBXFileReference; lastKnownFileType = sourcecode.swift; path = my_weatherTests.swift; sourceTree = "<group>"; };
		9F830AA12C78389600037DE0 /* my-weatherUITests.xctest */ = {isa = PBXFileReference; explicitFileType = wrapper.cfbundle; includeInIndex = 0; path = "my-weatherUITests.xctest"; sourceTree = BUILT_PRODUCTS_DIR; };
		9F830AA52C78389600037DE0 /* my_weatherUITests.swift */ = {isa = PBXFileReference; lastKnownFileType = sourcecode.swift; path = my_weatherUITests.swift; sourceTree = "<group>"; };
		9F830AA72C78389600037DE0 /* my_weatherUITestsLaunchTests.swift */ = {isa = PBXFileReference; lastKnownFileType = sourcecode.swift; path = my_weatherUITestsLaunchTests.swift; sourceTree = "<group>"; };
		9FEC81732C7C4CCC00FC0E16 /* Info.plist */ = {isa = PBXFileReference; lastKnownFileType = text.plist; path = Info.plist; sourceTree = "<group>"; };
		9FEC81762C7C4F6200FC0E16 /* Secrets.xcconfig */ = {isa = PBXFileReference; lastKnownFileType = text.xcconfig; path = Secrets.xcconfig; sourceTree = "<group>"; };
		9FEEC1E22C78596A00C95E02 /* WeatherResponse.swift */ = {isa = PBXFileReference; lastKnownFileType = sourcecode.swift; path = WeatherResponse.swift; sourceTree = "<group>"; };
		9FEEC1E42C7859B800C95E02 /* WeatherService.swift */ = {isa = PBXFileReference; lastKnownFileType = sourcecode.swift; path = WeatherService.swift; sourceTree = "<group>"; };
		9FEEC1E62C7B0E1200C95E02 /* WeatherViewModel.swift */ = {isa = PBXFileReference; lastKnownFileType = sourcecode.swift; path = WeatherViewModel.swift; sourceTree = "<group>"; };
		A281070E1BD4C1044F9F53BE /* Pods-my-weather.debug.xcconfig */ = {isa = PBXFileReference; includeInIndex = 1; lastKnownFileType = text.xcconfig; name = "Pods-my-weather.debug.xcconfig"; path = "Target Support Files/Pods-my-weather/Pods-my-weather.debug.xcconfig"; sourceTree = "<group>"; };
		B575A73B37B797ECDADDD39A /* Pods_my_weather.framework */ = {isa = PBXFileReference; explicitFileType = wrapper.framework; includeInIndex = 0; path = Pods_my_weather.framework; sourceTree = BUILT_PRODUCTS_DIR; };
		BB937CC1A32228E3ECA52540 /* Pods_my_weather_my_weatherUITests.framework */ = {isa = PBXFileReference; explicitFileType = wrapper.framework; includeInIndex = 0; path = Pods_my_weather_my_weatherUITests.framework; sourceTree = BUILT_PRODUCTS_DIR; };
		CE3DA6973D1E8EEDA18AD754 /* Pods_my_weatherTests.framework */ = {isa = PBXFileReference; explicitFileType = wrapper.framework; includeInIndex = 0; path = Pods_my_weatherTests.framework; sourceTree = BUILT_PRODUCTS_DIR; };
		D27749842A7453F1A8424FBD /* Pods-my-weather-my-weatherUITests.release.xcconfig */ = {isa = PBXFileReference; includeInIndex = 1; lastKnownFileType = text.xcconfig; name = "Pods-my-weather-my-weatherUITests.release.xcconfig"; path = "Target Support Files/Pods-my-weather-my-weatherUITests/Pods-my-weather-my-weatherUITests.release.xcconfig"; sourceTree = "<group>"; };
/* End PBXFileReference section */

/* Begin PBXFrameworksBuildPhase section */
		9F830A842C78389500037DE0 /* Frameworks */ = {
			isa = PBXFrameworksBuildPhase;
			buildActionMask = 2147483647;
			files = (
				658F0D11526A1961431D17E9 /* Pods_my_weather.framework in Frameworks */,
			);
			runOnlyForDeploymentPostprocessing = 0;
		};
		9F830A942C78389600037DE0 /* Frameworks */ = {
			isa = PBXFrameworksBuildPhase;
			buildActionMask = 2147483647;
			files = (
				B43C6D99FA4E4032F83B8713 /* Pods_my_weatherTests.framework in Frameworks */,
			);
			runOnlyForDeploymentPostprocessing = 0;
		};
		9F830A9E2C78389600037DE0 /* Frameworks */ = {
			isa = PBXFrameworksBuildPhase;
			buildActionMask = 2147483647;
			files = (
				E615422FF5642911DD8146EC /* Pods_my_weather_my_weatherUITests.framework in Frameworks */,
			);
			runOnlyForDeploymentPostprocessing = 0;
		};
/* End PBXFrameworksBuildPhase section */

/* Begin PBXGroup section */
		0B7C8D36530A1994125C147B /* Pods */ = {
			isa = PBXGroup;
			children = (
				A281070E1BD4C1044F9F53BE /* Pods-my-weather.debug.xcconfig */,
				867BE37107378C5766ABC28E /* Pods-my-weather.release.xcconfig */,
				798D1B66F147C40A013C039F /* Pods-my-weather-my-weatherUITests.debug.xcconfig */,
				D27749842A7453F1A8424FBD /* Pods-my-weather-my-weatherUITests.release.xcconfig */,
				04A9D765899747B15C30B3A6 /* Pods-my-weatherTests.debug.xcconfig */,
				0E375D05661D135D742401A2 /* Pods-my-weatherTests.release.xcconfig */,
			);
			path = Pods;
			sourceTree = "<group>";
		};
		6FDF48CF2FFE0768438EAD8E /* Frameworks */ = {
			isa = PBXGroup;
			children = (
				B575A73B37B797ECDADDD39A /* Pods_my_weather.framework */,
				BB937CC1A32228E3ECA52540 /* Pods_my_weather_my_weatherUITests.framework */,
				CE3DA6973D1E8EEDA18AD754 /* Pods_my_weatherTests.framework */,
			);
			name = Frameworks;
			sourceTree = "<group>";
		};
		9F830A7E2C78389500037DE0 = {
			isa = PBXGroup;
			children = (
				9F830A892C78389500037DE0 /* my-weather */,
				9F830A9A2C78389600037DE0 /* my-weatherTests */,
				9F830AA42C78389600037DE0 /* my-weatherUITests */,
				9F830A882C78389500037DE0 /* Products */,
				0B7C8D36530A1994125C147B /* Pods */,
				6FDF48CF2FFE0768438EAD8E /* Frameworks */,
			);
			sourceTree = "<group>";
		};
		9F830A882C78389500037DE0 /* Products */ = {
			isa = PBXGroup;
			children = (
				9F830A872C78389500037DE0 /* my-weather.app */,
				9F830A972C78389600037DE0 /* my-weatherTests.xctest */,
				9F830AA12C78389600037DE0 /* my-weatherUITests.xctest */,
			);
			name = Products;
			sourceTree = "<group>";
		};
		9F830A892C78389500037DE0 /* my-weather */ = {
			isa = PBXGroup;
			children = (
				9FEC81732C7C4CCC00FC0E16 /* Info.plist */,
				9F830A8A2C78389500037DE0 /* my_weatherApp.swift */,
				9F830A8C2C78389500037DE0 /* WeatherView.swift */,
				9FEEC1E22C78596A00C95E02 /* WeatherResponse.swift */,
				9FEEC1E42C7859B800C95E02 /* WeatherService.swift */,
				9FEC81762C7C4F6200FC0E16 /* Secrets.xcconfig */,
				9FEEC1E62C7B0E1200C95E02 /* WeatherViewModel.swift */,
				9F830A8E2C78389600037DE0 /* Assets.xcassets */,
				9F830A902C78389600037DE0 /* Preview Content */,
			);
			path = "my-weather";
			sourceTree = "<group>";
		};
		9F830A902C78389600037DE0 /* Preview Content */ = {
			isa = PBXGroup;
			children = (
				9F830A912C78389600037DE0 /* Preview Assets.xcassets */,
			);
			path = "Preview Content";
			sourceTree = "<group>";
		};
		9F830A9A2C78389600037DE0 /* my-weatherTests */ = {
			isa = PBXGroup;
			children = (
				9F830A9B2C78389600037DE0 /* my_weatherTests.swift */,
			);
			path = "my-weatherTests";
			sourceTree = "<group>";
		};
		9F830AA42C78389600037DE0 /* my-weatherUITests */ = {
			isa = PBXGroup;
			children = (
				9F830AA52C78389600037DE0 /* my_weatherUITests.swift */,
				9F830AA72C78389600037DE0 /* my_weatherUITestsLaunchTests.swift */,
			);
			path = "my-weatherUITests";
			sourceTree = "<group>";
		};
/* End PBXGroup section */

/* Begin PBXNativeTarget section */
		9F830A862C78389500037DE0 /* my-weather */ = {
			isa = PBXNativeTarget;
			buildConfigurationList = 9F830AAB2C78389600037DE0 /* Build configuration list for PBXNativeTarget "my-weather" */;
			buildPhases = (
				9E59E0991E2CDB5B02E5735C /* [CP] Check Pods Manifest.lock */,
				9F830A832C78389500037DE0 /* Sources */,
				9F830A842C78389500037DE0 /* Frameworks */,
				9F830A852C78389500037DE0 /* Resources */,
				37715E25D403F514F083D0C8 /* [CP] Embed Pods Frameworks */,
			);
			buildRules = (
			);
			dependencies = (
			);
			name = "my-weather";
			productName = "my-weather";
			productReference = 9F830A872C78389500037DE0 /* my-weather.app */;
			productType = "com.apple.product-type.application";
		};
		9F830A962C78389600037DE0 /* my-weatherTests */ = {
			isa = PBXNativeTarget;
			buildConfigurationList = 9F830AAE2C78389600037DE0 /* Build configuration list for PBXNativeTarget "my-weatherTests" */;
			buildPhases = (
				F59D01A18F9F1DA999DEFD5F /* [CP] Check Pods Manifest.lock */,
				9F830A932C78389600037DE0 /* Sources */,
				9F830A942C78389600037DE0 /* Frameworks */,
				9F830A952C78389600037DE0 /* Resources */,
			);
			buildRules = (
			);
			dependencies = (
				9F830A992C78389600037DE0 /* PBXTargetDependency */,
			);
			name = "my-weatherTests";
			productName = "my-weatherTests";
			productReference = 9F830A972C78389600037DE0 /* my-weatherTests.xctest */;
			productType = "com.apple.product-type.bundle.unit-test";
		};
		9F830AA02C78389600037DE0 /* my-weatherUITests */ = {
			isa = PBXNativeTarget;
			buildConfigurationList = 9F830AB12C78389600037DE0 /* Build configuration list for PBXNativeTarget "my-weatherUITests" */;
			buildPhases = (
				934E14A1A0892DB3270C8BE8 /* [CP] Check Pods Manifest.lock */,
				9F830A9D2C78389600037DE0 /* Sources */,
				9F830A9E2C78389600037DE0 /* Frameworks */,
				9F830A9F2C78389600037DE0 /* Resources */,
				C1B1CA4F0193AD87DC0477D5 /* [CP] Embed Pods Frameworks */,
			);
			buildRules = (
			);
			dependencies = (
				9F830AA32C78389600037DE0 /* PBXTargetDependency */,
			);
			name = "my-weatherUITests";
			productName = "my-weatherUITests";
			productReference = 9F830AA12C78389600037DE0 /* my-weatherUITests.xctest */;
			productType = "com.apple.product-type.bundle.ui-testing";
		};
/* End PBXNativeTarget section */

/* Begin PBXProject section */
		9F830A7F2C78389500037DE0 /* Project object */ = {
			isa = PBXProject;
			attributes = {
				BuildIndependentTargetsInParallel = 1;
				LastSwiftUpdateCheck = 1540;
				LastUpgradeCheck = 1540;
				TargetAttributes = {
					9F830A862C78389500037DE0 = {
						CreatedOnToolsVersion = 15.4;
					};
					9F830A962C78389600037DE0 = {
						CreatedOnToolsVersion = 15.4;
						TestTargetID = 9F830A862C78389500037DE0;
					};
					9F830AA02C78389600037DE0 = {
						CreatedOnToolsVersion = 15.4;
						TestTargetID = 9F830A862C78389500037DE0;
					};
				};
			};
			buildConfigurationList = 9F830A822C78389500037DE0 /* Build configuration list for PBXProject "my-weather" */;
			compatibilityVersion = "Xcode 14.0";
			developmentRegion = en;
			hasScannedForEncodings = 0;
			knownRegions = (
				en,
				Base,
			);
			mainGroup = 9F830A7E2C78389500037DE0;
			productRefGroup = 9F830A882C78389500037DE0 /* Products */;
			projectDirPath = "";
			projectRoot = "";
			targets = (
				9F830A862C78389500037DE0 /* my-weather */,
				9F830A962C78389600037DE0 /* my-weatherTests */,
				9F830AA02C78389600037DE0 /* my-weatherUITests */,
			);
		};
/* End PBXProject section */

/* Begin PBXResourcesBuildPhase section */
		9F830A852C78389500037DE0 /* Resources */ = {
			isa = PBXResourcesBuildPhase;
			buildActionMask = 2147483647;
			files = (
				9F830A922C78389600037DE0 /* Preview Assets.xcassets in Resources */,
				9F830A8F2C78389600037DE0 /* Assets.xcassets in Resources */,
			);
			runOnlyForDeploymentPostprocessing = 0;
		};
		9F830A952C78389600037DE0 /* Resources */ = {
			isa = PBXResourcesBuildPhase;
			buildActionMask = 2147483647;
			files = (
			);
			runOnlyForDeploymentPostprocessing = 0;
		};
		9F830A9F2C78389600037DE0 /* Resources */ = {
			isa = PBXResourcesBuildPhase;
			buildActionMask = 2147483647;
			files = (
			);
			runOnlyForDeploymentPostprocessing = 0;
		};
/* End PBXResourcesBuildPhase section */

/* Begin PBXShellScriptBuildPhase section */
		37715E25D403F514F083D0C8 /* [CP] Embed Pods Frameworks */ = {
			isa = PBXShellScriptBuildPhase;
			buildActionMask = 2147483647;
			files = (
			);
			inputFileListPaths = (
				"${PODS_ROOT}/Target Support Files/Pods-my-weather/Pods-my-weather-frameworks-${CONFIGURATION}-input-files.xcfilelist",
			);
			name = "[CP] Embed Pods Frameworks";
			outputFileListPaths = (
				"${PODS_ROOT}/Target Support Files/Pods-my-weather/Pods-my-weather-frameworks-${CONFIGURATION}-output-files.xcfilelist",
			);
			runOnlyForDeploymentPostprocessing = 0;
			shellPath = /bin/sh;
			shellScript = "\"${PODS_ROOT}/Target Support Files/Pods-my-weather/Pods-my-weather-frameworks.sh\"\n";
			showEnvVarsInLog = 0;
		};
		934E14A1A0892DB3270C8BE8 /* [CP] Check Pods Manifest.lock */ = {
			isa = PBXShellScriptBuildPhase;
			buildActionMask = 2147483647;
			files = (
			);
			inputFileListPaths = (
			);
			inputPaths = (
				"${PODS_PODFILE_DIR_PATH}/Podfile.lock",
				"${PODS_ROOT}/Manifest.lock",
			);
			name = "[CP] Check Pods Manifest.lock";
			outputFileListPaths = (
			);
			outputPaths = (
				"$(DERIVED_FILE_DIR)/Pods-my-weather-my-weatherUITests-checkManifestLockResult.txt",
			);
			runOnlyForDeploymentPostprocessing = 0;
			shellPath = /bin/sh;
			shellScript = "diff \"${PODS_PODFILE_DIR_PATH}/Podfile.lock\" \"${PODS_ROOT}/Manifest.lock\" > /dev/null\nif [ $? != 0 ] ; then\n    # print error to STDERR\n    echo \"error: The sandbox is not in sync with the Podfile.lock. Run 'pod install' or update your CocoaPods installation.\" >&2\n    exit 1\nfi\n# This output is used by Xcode 'outputs' to avoid re-running this script phase.\necho \"SUCCESS\" > \"${SCRIPT_OUTPUT_FILE_0}\"\n";
			showEnvVarsInLog = 0;
		};
		9E59E0991E2CDB5B02E5735C /* [CP] Check Pods Manifest.lock */ = {
			isa = PBXShellScriptBuildPhase;
			buildActionMask = 2147483647;
			files = (
			);
			inputFileListPaths = (
			);
			inputPaths = (
				"${PODS_PODFILE_DIR_PATH}/Podfile.lock",
				"${PODS_ROOT}/Manifest.lock",
			);
			name = "[CP] Check Pods Manifest.lock";
			outputFileListPaths = (
			);
			outputPaths = (
				"$(DERIVED_FILE_DIR)/Pods-my-weather-checkManifestLockResult.txt",
			);
			runOnlyForDeploymentPostprocessing = 0;
			shellPath = /bin/sh;
			shellScript = "diff \"${PODS_PODFILE_DIR_PATH}/Podfile.lock\" \"${PODS_ROOT}/Manifest.lock\" > /dev/null\nif [ $? != 0 ] ; then\n    # print error to STDERR\n    echo \"error: The sandbox is not in sync with the Podfile.lock. Run 'pod install' or update your CocoaPods installation.\" >&2\n    exit 1\nfi\n# This output is used by Xcode 'outputs' to avoid re-running this script phase.\necho \"SUCCESS\" > \"${SCRIPT_OUTPUT_FILE_0}\"\n";
			showEnvVarsInLog = 0;
		};
		C1B1CA4F0193AD87DC0477D5 /* [CP] Embed Pods Frameworks */ = {
			isa = PBXShellScriptBuildPhase;
			buildActionMask = 2147483647;
			files = (
			);
			inputFileListPaths = (
				"${PODS_ROOT}/Target Support Files/Pods-my-weather-my-weatherUITests/Pods-my-weather-my-weatherUITests-frameworks-${CONFIGURATION}-input-files.xcfilelist",
			);
			name = "[CP] Embed Pods Frameworks";
			outputFileListPaths = (
				"${PODS_ROOT}/Target Support Files/Pods-my-weather-my-weatherUITests/Pods-my-weather-my-weatherUITests-frameworks-${CONFIGURATION}-output-files.xcfilelist",
			);
			runOnlyForDeploymentPostprocessing = 0;
			shellPath = /bin/sh;
			shellScript = "\"${PODS_ROOT}/Target Support Files/Pods-my-weather-my-weatherUITests/Pods-my-weather-my-weatherUITests-frameworks.sh\"\n";
			showEnvVarsInLog = 0;
		};
		F59D01A18F9F1DA999DEFD5F /* [CP] Check Pods Manifest.lock */ = {
			isa = PBXShellScriptBuildPhase;
			buildActionMask = 2147483647;
			files = (
			);
			inputFileListPaths = (
			);
			inputPaths = (
				"${PODS_PODFILE_DIR_PATH}/Podfile.lock",
				"${PODS_ROOT}/Manifest.lock",
			);
			name = "[CP] Check Pods Manifest.lock";
			outputFileListPaths = (
			);
			outputPaths = (
				"$(DERIVED_FILE_DIR)/Pods-my-weatherTests-checkManifestLockResult.txt",
			);
			runOnlyForDeploymentPostprocessing = 0;
			shellPath = /bin/sh;
			shellScript = "diff \"${PODS_PODFILE_DIR_PATH}/Podfile.lock\" \"${PODS_ROOT}/Manifest.lock\" > /dev/null\nif [ $? != 0 ] ; then\n    # print error to STDERR\n    echo \"error: The sandbox is not in sync with the Podfile.lock. Run 'pod install' or update your CocoaPods installation.\" >&2\n    exit 1\nfi\n# This output is used by Xcode 'outputs' to avoid re-running this script phase.\necho \"SUCCESS\" > \"${SCRIPT_OUTPUT_FILE_0}\"\n";
			showEnvVarsInLog = 0;
		};
/* End PBXShellScriptBuildPhase section */

/* Begin PBXSourcesBuildPhase section */
		9F830A832C78389500037DE0 /* Sources */ = {
			isa = PBXSourcesBuildPhase;
			buildActionMask = 2147483647;
			files = (
				9FEEC1E72C7B0E1200C95E02 /* WeatherViewModel.swift in Sources */,
				9FEEC1E52C7859B800C95E02 /* WeatherService.swift in Sources */,
				9F830A8D2C78389500037DE0 /* WeatherView.swift in Sources */,
				9FEEC1E32C78596A00C95E02 /* WeatherResponse.swift in Sources */,
				9F830A8B2C78389500037DE0 /* my_weatherApp.swift in Sources */,
			);
			runOnlyForDeploymentPostprocessing = 0;
		};
		9F830A932C78389600037DE0 /* Sources */ = {
			isa = PBXSourcesBuildPhase;
			buildActionMask = 2147483647;
			files = (
				9F830A9C2C78389600037DE0 /* my_weatherTests.swift in Sources */,
			);
			runOnlyForDeploymentPostprocessing = 0;
		};
		9F830A9D2C78389600037DE0 /* Sources */ = {
			isa = PBXSourcesBuildPhase;
			buildActionMask = 2147483647;
			files = (
				9F830AA62C78389600037DE0 /* my_weatherUITests.swift in Sources */,
				9F830AA82C78389600037DE0 /* my_weatherUITestsLaunchTests.swift in Sources */,
			);
			runOnlyForDeploymentPostprocessing = 0;
		};
/* End PBXSourcesBuildPhase section */

/* Begin PBXTargetDependency section */
		9F830A992C78389600037DE0 /* PBXTargetDependency */ = {
			isa = PBXTargetDependency;
			target = 9F830A862C78389500037DE0 /* my-weather */;
			targetProxy = 9F830A982C78389600037DE0 /* PBXContainerItemProxy */;
		};
		9F830AA32C78389600037DE0 /* PBXTargetDependency */ = {
			isa = PBXTargetDependency;
			target = 9F830A862C78389500037DE0 /* my-weather */;
			targetProxy = 9F830AA22C78389600037DE0 /* PBXContainerItemProxy */;
		};
/* End PBXTargetDependency section */

/* Begin XCBuildConfiguration section */
		9F830AAA2C78389600037DE0 /* Release */ = {
			isa = XCBuildConfiguration;
			baseConfigurationReference = 9FEC81762C7C4F6200FC0E16 /* Secrets.xcconfig */;
			buildSettings = {
				ALWAYS_SEARCH_USER_PATHS = NO;
				ASSETCATALOG_COMPILER_GENERATE_SWIFT_ASSET_SYMBOL_EXTENSIONS = YES;
				CLANG_ANALYZER_NONNULL = YES;
				CLANG_ANALYZER_NUMBER_OBJECT_CONVERSION = YES_AGGRESSIVE;
				CLANG_CXX_LANGUAGE_STANDARD = "gnu++20";
				CLANG_ENABLE_MODULES = YES;
				CLANG_ENABLE_OBJC_ARC = YES;
				CLANG_ENABLE_OBJC_WEAK = YES;
				CLANG_WARN_BLOCK_CAPTURE_AUTORELEASING = YES;
				CLANG_WARN_BOOL_CONVERSION = YES;
				CLANG_WARN_COMMA = YES;
				CLANG_WARN_CONSTANT_CONVERSION = YES;
				CLANG_WARN_DEPRECATED_OBJC_IMPLEMENTATIONS = YES;
				CLANG_WARN_DIRECT_OBJC_ISA_USAGE = YES_ERROR;
				CLANG_WARN_DOCUMENTATION_COMMENTS = YES;
				CLANG_WARN_EMPTY_BODY = YES;
				CLANG_WARN_ENUM_CONVERSION = YES;
				CLANG_WARN_INFINITE_RECURSION = YES;
				CLANG_WARN_INT_CONVERSION = YES;
				CLANG_WARN_NON_LITERAL_NULL_CONVERSION = YES;
				CLANG_WARN_OBJC_IMPLICIT_RETAIN_SELF = YES;
				CLANG_WARN_OBJC_LITERAL_CONVERSION = YES;
				CLANG_WARN_OBJC_ROOT_CLASS = YES_ERROR;
				CLANG_WARN_QUOTED_INCLUDE_IN_FRAMEWORK_HEADER = YES;
				CLANG_WARN_RANGE_LOOP_ANALYSIS = YES;
				CLANG_WARN_STRICT_PROTOTYPES = YES;
				CLANG_WARN_SUSPICIOUS_MOVE = YES;
				CLANG_WARN_UNGUARDED_AVAILABILITY = YES_AGGRESSIVE;
				CLANG_WARN_UNREACHABLE_CODE = YES;
				CLANG_WARN__DUPLICATE_METHOD_MATCH = YES;
				COPY_PHASE_STRIP = NO;
				DEBUG_INFORMATION_FORMAT = "dwarf-with-dsym";
				ENABLE_NS_ASSERTIONS = NO;
				ENABLE_STRICT_OBJC_MSGSEND = YES;
				ENABLE_USER_SCRIPT_SANDBOXING = NO;
				GCC_C_LANGUAGE_STANDARD = gnu17;
				GCC_NO_COMMON_BLOCKS = YES;
				GCC_WARN_64_TO_32_BIT_CONVERSION = YES;
				GCC_WARN_ABOUT_RETURN_TYPE = YES_ERROR;
				GCC_WARN_UNDECLARED_SELECTOR = YES;
				GCC_WARN_UNINITIALIZED_AUTOS = YES_AGGRESSIVE;
				GCC_WARN_UNUSED_FUNCTION = YES;
				GCC_WARN_UNUSED_VARIABLE = YES;
				IPHONEOS_DEPLOYMENT_TARGET = 17.5;
				LOCALIZATION_PREFERS_STRING_CATALOGS = YES;
				MTL_ENABLE_DEBUG_INFO = NO;
				MTL_FAST_MATH = YES;
				SDKROOT = iphoneos;
				SWIFT_COMPILATION_MODE = wholemodule;
				VALIDATE_PRODUCT = YES;
			};
			name = Release;
		};
		9F830AAD2C78389600037DE0 /* Release */ = {
			isa = XCBuildConfiguration;
			baseConfigurationReference = 867BE37107378C5766ABC28E /* Pods-my-weather.release.xcconfig */;
			buildSettings = {
				ASSETCATALOG_COMPILER_APPICON_NAME = AppIcon;
				ASSETCATALOG_COMPILER_GLOBAL_ACCENT_COLOR_NAME = AccentColor;
				CODE_SIGN_STYLE = Automatic;
				CURRENT_PROJECT_VERSION = 1;
				DEVELOPMENT_ASSET_PATHS = "\"my-weather/Preview Content\"";
				DEVELOPMENT_TEAM = 7P5U4N4C5Z;
				ENABLE_PREVIEWS = YES;
				ENABLE_USER_SCRIPT_SANDBOXING = NO;
				GENERATE_INFOPLIST_FILE = YES;
				INFOPLIST_FILE = "my-weather/Info.plist";
				INFOPLIST_KEY_UIApplicationSceneManifest_Generation = YES;
				INFOPLIST_KEY_UIApplicationSupportsIndirectInputEvents = YES;
				INFOPLIST_KEY_UILaunchScreen_Generation = YES;
				INFOPLIST_KEY_UISupportedInterfaceOrientations_iPad = "UIInterfaceOrientationPortrait UIInterfaceOrientationPortraitUpsideDown UIInterfaceOrientationLandscapeLeft UIInterfaceOrientationLandscapeRight";
				INFOPLIST_KEY_UISupportedInterfaceOrientations_iPhone = "UIInterfaceOrientationPortrait UIInterfaceOrientationLandscapeLeft UIInterfaceOrientationLandscapeRight";
				IPHONEOS_DEPLOYMENT_TARGET = 15.0;
				LD_RUNPATH_SEARCH_PATHS = (
					"$(inherited)",
					"@executable_path/Frameworks",
				);
				MARKETING_VERSION = 1.0;
				PRODUCT_BUNDLE_IDENTIFIER = "kr.gwanson.my-weather";
				PRODUCT_NAME = "$(TARGET_NAME)";
				SWIFT_EMIT_LOC_STRINGS = YES;
				SWIFT_VERSION = 5.0;
				TARGETED_DEVICE_FAMILY = "1,2";
			};
			name = Release;
		};
		9F830AB02C78389600037DE0 /* Release */ = {
			isa = XCBuildConfiguration;
			baseConfigurationReference = 0E375D05661D135D742401A2 /* Pods-my-weatherTests.release.xcconfig */;
			buildSettings = {
				ALWAYS_EMBED_SWIFT_STANDARD_LIBRARIES = YES;
				BUNDLE_LOADER = "$(TEST_HOST)";
				CODE_SIGN_STYLE = Automatic;
				CURRENT_PROJECT_VERSION = 1;
				DEVELOPMENT_TEAM = 7P5U4N4C5Z;
				GENERATE_INFOPLIST_FILE = YES;
				IPHONEOS_DEPLOYMENT_TARGET = 17.5;
				MARKETING_VERSION = 1.0;
				PRODUCT_BUNDLE_IDENTIFIER = "kr.gwanson.my-weatherTests";
				PRODUCT_NAME = "$(TARGET_NAME)";
				SWIFT_EMIT_LOC_STRINGS = NO;
				SWIFT_VERSION = 5.0;
				TARGETED_DEVICE_FAMILY = "1,2";
				TEST_HOST = "$(BUILT_PRODUCTS_DIR)/my-weather.app/$(BUNDLE_EXECUTABLE_FOLDER_PATH)/my-weather";
			};
			name = Release;
		};
		9F830AB32C78389600037DE0 /* Release */ = {
			isa = XCBuildConfiguration;
			baseConfigurationReference = D27749842A7453F1A8424FBD /* Pods-my-weather-my-weatherUITests.release.xcconfig */;
			buildSettings = {
				ALWAYS_EMBED_SWIFT_STANDARD_LIBRARIES = YES;
				CODE_SIGN_STYLE = Automatic;
				CURRENT_PROJECT_VERSION = 1;
				DEVELOPMENT_TEAM = 7P5U4N4C5Z;
				GENERATE_INFOPLIST_FILE = YES;
				MARKETING_VERSION = 1.0;
				PRODUCT_BUNDLE_IDENTIFIER = "kr.gwanson.my-weatherUITests";
				PRODUCT_NAME = "$(TARGET_NAME)";
				SWIFT_EMIT_LOC_STRINGS = NO;
				SWIFT_VERSION = 5.0;
				TARGETED_DEVICE_FAMILY = "1,2";
				TEST_TARGET_NAME = "my-weather";
			};
			name = Release;
		};
		9FEC817B2C7C506A00FC0E16 /* Debug */ = {
			isa = XCBuildConfiguration;
			baseConfigurationReference = 9FEC81762C7C4F6200FC0E16 /* Secrets.xcconfig */;
			buildSettings = {
				ALWAYS_SEARCH_USER_PATHS = NO;
				ASSETCATALOG_COMPILER_GENERATE_SWIFT_ASSET_SYMBOL_EXTENSIONS = YES;
				CLANG_ANALYZER_NONNULL = YES;
				CLANG_ANALYZER_NUMBER_OBJECT_CONVERSION = YES_AGGRESSIVE;
				CLANG_CXX_LANGUAGE_STANDARD = "gnu++20";
				CLANG_ENABLE_MODULES = YES;
				CLANG_ENABLE_OBJC_ARC = YES;
				CLANG_ENABLE_OBJC_WEAK = YES;
				CLANG_WARN_BLOCK_CAPTURE_AUTORELEASING = YES;
				CLANG_WARN_BOOL_CONVERSION = YES;
				CLANG_WARN_COMMA = YES;
				CLANG_WARN_CONSTANT_CONVERSION = YES;
				CLANG_WARN_DEPRECATED_OBJC_IMPLEMENTATIONS = YES;
				CLANG_WARN_DIRECT_OBJC_ISA_USAGE = YES_ERROR;
				CLANG_WARN_DOCUMENTATION_COMMENTS = YES;
				CLANG_WARN_EMPTY_BODY = YES;
				CLANG_WARN_ENUM_CONVERSION = YES;
				CLANG_WARN_INFINITE_RECURSION = YES;
				CLANG_WARN_INT_CONVERSION = YES;
				CLANG_WARN_NON_LITERAL_NULL_CONVERSION = YES;
				CLANG_WARN_OBJC_IMPLICIT_RETAIN_SELF = YES;
				CLANG_WARN_OBJC_LITERAL_CONVERSION = YES;
				CLANG_WARN_OBJC_ROOT_CLASS = YES_ERROR;
				CLANG_WARN_QUOTED_INCLUDE_IN_FRAMEWORK_HEADER = YES;
				CLANG_WARN_RANGE_LOOP_ANALYSIS = YES;
				CLANG_WARN_STRICT_PROTOTYPES = YES;
				CLANG_WARN_SUSPICIOUS_MOVE = YES;
				CLANG_WARN_UNGUARDED_AVAILABILITY = YES_AGGRESSIVE;
				CLANG_WARN_UNREACHABLE_CODE = YES;
				CLANG_WARN__DUPLICATE_METHOD_MATCH = YES;
				COPY_PHASE_STRIP = NO;
				DEBUG_INFORMATION_FORMAT = "dwarf-with-dsym";
				ENABLE_NS_ASSERTIONS = NO;
				ENABLE_STRICT_OBJC_MSGSEND = YES;
				ENABLE_USER_SCRIPT_SANDBOXING = NO;
				GCC_C_LANGUAGE_STANDARD = gnu17;
				GCC_NO_COMMON_BLOCKS = YES;
				GCC_WARN_64_TO_32_BIT_CONVERSION = YES;
				GCC_WARN_ABOUT_RETURN_TYPE = YES_ERROR;
				GCC_WARN_UNDECLARED_SELECTOR = YES;
				GCC_WARN_UNINITIALIZED_AUTOS = YES_AGGRESSIVE;
				GCC_WARN_UNUSED_FUNCTION = YES;
				GCC_WARN_UNUSED_VARIABLE = YES;
				IPHONEOS_DEPLOYMENT_TARGET = 17.5;
				LOCALIZATION_PREFERS_STRING_CATALOGS = YES;
				MTL_ENABLE_DEBUG_INFO = NO;
				MTL_FAST_MATH = YES;
				SDKROOT = iphoneos;
				SWIFT_COMPILATION_MODE = wholemodule;
				VALIDATE_PRODUCT = YES;
			};
			name = Debug;
		};
		9FEC817C2C7C506A00FC0E16 /* Debug */ = {
			isa = XCBuildConfiguration;
			baseConfigurationReference = A281070E1BD4C1044F9F53BE /* Pods-my-weather.debug.xcconfig */;
			buildSettings = {
				ASSETCATALOG_COMPILER_APPICON_NAME = AppIcon;
				ASSETCATALOG_COMPILER_GLOBAL_ACCENT_COLOR_NAME = AccentColor;
				CODE_SIGN_STYLE = Automatic;
				CURRENT_PROJECT_VERSION = 1;
				DEVELOPMENT_ASSET_PATHS = "\"my-weather/Preview Content\"";
				DEVELOPMENT_TEAM = 7P5U4N4C5Z;
				ENABLE_PREVIEWS = YES;
				ENABLE_USER_SCRIPT_SANDBOXING = NO;
				GENERATE_INFOPLIST_FILE = YES;
				INFOPLIST_FILE = "my-weather/Info.plist";
				INFOPLIST_KEY_UIApplicationSceneManifest_Generation = YES;
				INFOPLIST_KEY_UIApplicationSupportsIndirectInputEvents = YES;
				INFOPLIST_KEY_UILaunchScreen_Generation = YES;
				INFOPLIST_KEY_UISupportedInterfaceOrientations_iPad = "UIInterfaceOrientationPortrait UIInterfaceOrientationPortraitUpsideDown UIInterfaceOrientationLandscapeLeft UIInterfaceOrientationLandscapeRight";
				INFOPLIST_KEY_UISupportedInterfaceOrientations_iPhone = "UIInterfaceOrientationPortrait UIInterfaceOrientationLandscapeLeft UIInterfaceOrientationLandscapeRight";
				IPHONEOS_DEPLOYMENT_TARGET = 15.0;
				LD_RUNPATH_SEARCH_PATHS = (
					"$(inherited)",
					"@executable_path/Frameworks",
				);
				MARKETING_VERSION = 1.0;
				PRODUCT_BUNDLE_IDENTIFIER = "kr.gwanson.my-weather";
				PRODUCT_NAME = "$(TARGET_NAME)";
				SWIFT_EMIT_LOC_STRINGS = YES;
				SWIFT_VERSION = 5.0;
				TARGETED_DEVICE_FAMILY = "1,2";
			};
			name = Debug;
		};
		9FEC817D2C7C506A00FC0E16 /* Debug */ = {
			isa = XCBuildConfiguration;
			baseConfigurationReference = 04A9D765899747B15C30B3A6 /* Pods-my-weatherTests.debug.xcconfig */;
			buildSettings = {
				ALWAYS_EMBED_SWIFT_STANDARD_LIBRARIES = YES;
				BUNDLE_LOADER = "$(TEST_HOST)";
				CODE_SIGN_STYLE = Automatic;
				CURRENT_PROJECT_VERSION = 1;
				DEVELOPMENT_TEAM = 7P5U4N4C5Z;
				GENERATE_INFOPLIST_FILE = YES;
				IPHONEOS_DEPLOYMENT_TARGET = 17.5;
				MARKETING_VERSION = 1.0;
				PRODUCT_BUNDLE_IDENTIFIER = "kr.gwanson.my-weatherTests";
				PRODUCT_NAME = "$(TARGET_NAME)";
				SWIFT_EMIT_LOC_STRINGS = NO;
				SWIFT_VERSION = 5.0;
				TARGETED_DEVICE_FAMILY = "1,2";
				TEST_HOST = "$(BUILT_PRODUCTS_DIR)/my-weather.app/$(BUNDLE_EXECUTABLE_FOLDER_PATH)/my-weather";
			};
			name = Debug;
		};
		9FEC817E2C7C506A00FC0E16 /* Debug */ = {
			isa = XCBuildConfiguration;
			baseConfigurationReference = 798D1B66F147C40A013C039F /* Pods-my-weather-my-weatherUITests.debug.xcconfig */;
			buildSettings = {
				ALWAYS_EMBED_SWIFT_STANDARD_LIBRARIES = YES;
				CODE_SIGN_STYLE = Automatic;
				CURRENT_PROJECT_VERSION = 1;
				DEVELOPMENT_TEAM = 7P5U4N4C5Z;
				GENERATE_INFOPLIST_FILE = YES;
				MARKETING_VERSION = 1.0;
				PRODUCT_BUNDLE_IDENTIFIER = "kr.gwanson.my-weatherUITests";
				PRODUCT_NAME = "$(TARGET_NAME)";
				SWIFT_EMIT_LOC_STRINGS = NO;
				SWIFT_VERSION = 5.0;
				TARGETED_DEVICE_FAMILY = "1,2";
				TEST_TARGET_NAME = "my-weather";
			};
			name = Debug;
		};
/* End XCBuildConfiguration section */

/* Begin XCConfigurationList section */
		9F830A822C78389500037DE0 /* Build configuration list for PBXProject "my-weather" */ = {
			isa = XCConfigurationList;
			buildConfigurations = (
				9F830AAA2C78389600037DE0 /* Release */,
				9FEC817B2C7C506A00FC0E16 /* Debug */,
			);
			defaultConfigurationIsVisible = 0;
			defaultConfigurationName = Release;
		};
		9F830AAB2C78389600037DE0 /* Build configuration list for PBXNativeTarget "my-weather" */ = {
			isa = XCConfigurationList;
			buildConfigurations = (
				9F830AAD2C78389600037DE0 /* Release */,
				9FEC817C2C7C506A00FC0E16 /* Debug */,
			);
			defaultConfigurationIsVisible = 0;
			defaultConfigurationName = Release;
		};
		9F830AAE2C78389600037DE0 /* Build configuration list for PBXNativeTarget "my-weatherTests" */ = {
			isa = XCConfigurationList;
			buildConfigurations = (
				9F830AB02C78389600037DE0 /* Release */,
				9FEC817D2C7C506A00FC0E16 /* Debug */,
			);
			defaultConfigurationIsVisible = 0;
			defaultConfigurationName = Release;
		};
		9F830AB12C78389600037DE0 /* Build configuration list for PBXNativeTarget "my-weatherUITests" */ = {
			isa = XCConfigurationList;
			buildConfigurations = (
				9F830AB32C78389600037DE0 /* Release */,
				9FEC817E2C7C506A00FC0E16 /* Debug */,
			);
			defaultConfigurationIsVisible = 0;
			defaultConfigurationName = Release;
		};
/* End XCConfigurationList section */
	};
	rootObject = 9F830A7F2C78389500037DE0 /* Project object */;
}
